
Microsoft Visual Studio Solution File, Format Version 12.00
# Visual Studio 2012
# SharpDevelop 5.1
VisualStudioVersion = 12.0.20827.3
MinimumVisualStudioVersion = 10.0.40219.1
Project("{FAE04EC0-301F-11D3-BF4B-00C04F79EFBC}") = "AquaLog", "AquaLog\AquaLog.csproj", "{4BBEEAB9-562B-4360-BE8C-36E65B005593}"
EndProject
Project("{FAE04EC0-301F-11D3-BF4B-00C04F79EFBC}") = "AquaLog.Tests", "AquaLog.Tests\AquaLog.Tests.csproj", "{171ADA99-34C7-42D9-8501-37A66294BBA8}"
EndProject
Project("{FAE04EC0-301F-11D3-BF4B-00C04F79EFBC}") = "ALWatcher", "ALWatcher\ALWatcher.csproj", "{4F525A69-2128-46D4-8B28-323BCC388F50}"
EndProject
Global
	GlobalSection(SolutionConfigurationPlatforms) = preSolution
		Debug|Any CPU = Debug|Any CPU
		Release|Any CPU = Release|Any CPU
	EndGlobalSection
	GlobalSection(ProjectConfigurationPlatforms) = postSolution
		{4BBEEAB9-562B-4360-BE8C-36E65B005593}.Debug|Any CPU.ActiveCfg = Debug|Any CPU
		{4BBEEAB9-562B-4360-BE8C-36E65B005593}.Debug|Any CPU.Build.0 = Debug|Any CPU
		{4BBEEAB9-562B-4360-BE8C-36E65B005593}.Release|Any CPU.ActiveCfg = Release|Any CPU
		{4BBEEAB9-562B-4360-BE8C-36E65B005593}.Release|Any CPU.Build.0 = Release|Any CPU
		{171ADA99-34C7-42D9-8501-37A66294BBA8}.Debug|Any CPU.ActiveCfg = Debug|Any CPU
		{171ADA99-34C7-42D9-8501-37A66294BBA8}.Debug|Any CPU.Build.0 = Debug|Any CPU
		{171ADA99-34C7-42D9-8501-37A66294BBA8}.Release|Any CPU.ActiveCfg = Release|Any CPU
		{171ADA99-34C7-42D9-8501-37A66294BBA8}.Release|Any CPU.Build.0 = Release|Any CPU
		{4F525A69-2128-46D4-8B28-323BCC388F50}.Debug|Any CPU.ActiveCfg = Debug|Any CPU
		{4F525A69-2128-46D4-8B28-323BCC388F50}.Debug|Any CPU.Build.0 = Debug|Any CPU
		{4F525A69-2128-46D4-8B28-323BCC388F50}.Release|Any CPU.ActiveCfg = Release|Any CPU
		{4F525A69-2128-46D4-8B28-323BCC388F50}.Release|Any CPU.Build.0 = Release|Any CPU
	EndGlobalSection
EndGlobal
