
Microsoft Visual Studio Solution File, Format Version 12.00
# Visual Studio Version 16
VisualStudioVersion = 16.0.29418.71
MinimumVisualStudioVersion = 10.0.40219.1
Project("{9A19103F-16F7-4668-BE54-9A1E7A4F7556}") = "AquaLogWFC", "AquaLog\AquaLogWFC.csproj", "{5153E5C9-D2B5-4F4A-93CD-AB8674E5F7E0}"
EndProject
Project("{9A19103F-16F7-4668-BE54-9A1E7A4F7556}") = "BSLib.TimelineWFC", "BSLib.Timeline\BSLib.TimelineWFC.csproj", "{E125AA91-3CF5-4D1B-9151-5AACDBE06A07}"
EndProject
Global
	GlobalSection(SolutionConfigurationPlatforms) = preSolution
		Debug|Any CPU = Debug|Any CPU
		Release|Any CPU = Release|Any CPU
	EndGlobalSection
	GlobalSection(ProjectConfigurationPlatforms) = postSolution
		{5153E5C9-D2B5-4F4A-93CD-AB8674E5F7E0}.Debug|Any CPU.ActiveCfg = Debug|Any CPU
		{5153E5C9-D2B5-4F4A-93CD-AB8674E5F7E0}.Debug|Any CPU.Build.0 = Debug|Any CPU
		{5153E5C9-D2B5-4F4A-93CD-AB8674E5F7E0}.Release|Any CPU.ActiveCfg = Release|Any CPU
		{5153E5C9-D2B5-4F4A-93CD-AB8674E5F7E0}.Release|Any CPU.Build.0 = Release|Any CPU
		{E125AA91-3CF5-4D1B-9151-5AACDBE06A07}.Debug|Any CPU.ActiveCfg = Debug|Any CPU
		{E125AA91-3CF5-4D1B-9151-5AACDBE06A07}.Debug|Any CPU.Build.0 = Debug|Any CPU
		{E125AA91-3CF5-4D1B-9151-5AACDBE06A07}.Release|Any CPU.ActiveCfg = Release|Any CPU
		{E125AA91-3CF5-4D1B-9151-5AACDBE06A07}.Release|Any CPU.Build.0 = Release|Any CPU
	EndGlobalSection
	GlobalSection(SolutionProperties) = preSolution
		HideSolutionNode = FALSE
	EndGlobalSection
	GlobalSection(ExtensibilityGlobals) = postSolution
		SolutionGuid = {44BB777A-69BC-42DC-B328-6FE9A3194581}
	EndGlobalSection
EndGlobal
