
Microsoft Visual Studio Solution File, Format Version 11.00
# Visual Studio 2010
# SharpDevelop 5.1
Project("{FAE04EC0-301F-11D3-BF4B-00C04F79EFBC}") = "M3DViewerGL", "M3DViewerGL.csproj", "{C4DF47F7-B1B0-4D53-81E4-7522832F03CB}"
EndProject
Global
	GlobalSection(SolutionConfigurationPlatforms) = preSolution
		Debug|x86 = Debug|x86
		Debug|x64 = Debug|x64
		Release|x86 = Release|x86
		Release|x64 = Release|x64
	EndGlobalSection
	GlobalSection(ProjectConfigurationPlatforms) = postSolution
		{C4DF47F7-B1B0-4D53-81E4-7522832F03CB}.Debug|x86.ActiveCfg = Debug|x86
		{C4DF47F7-B1B0-4D53-81E4-7522832F03CB}.Debug|x86.Build.0 = Debug|x86
		{C4DF47F7-B1B0-4D53-81E4-7522832F03CB}.Debug|x64.ActiveCfg = Debug|x64
		{C4DF47F7-B1B0-4D53-81E4-7522832F03CB}.Debug|x64.Build.0 = Debug|x64
		{C4DF47F7-B1B0-4D53-81E4-7522832F03CB}.Release|x86.ActiveCfg = Release|x86
		{C4DF47F7-B1B0-4D53-81E4-7522832F03CB}.Release|x86.Build.0 = Release|x86
		{C4DF47F7-B1B0-4D53-81E4-7522832F03CB}.Release|x64.ActiveCfg = Release|x64
		{C4DF47F7-B1B0-4D53-81E4-7522832F03CB}.Release|x64.Build.0 = Release|x64
	EndGlobalSection
EndGlobal
